
Microsoft Visual Studio Solution File, Format Version 12.00
# Visual Studio Version 18
VisualStudioVersion = 18.3.11505.172 d18.3
MinimumVisualStudioVersion = 10.0.40219.1
Project("{FAE04EC0-301F-11D3-BF4B-00C04F79EFBC}") = "TrainingTracker.Api", "TrainingTracker.Api\TrainingTracker.Api.csproj", "{34EB6B6F-49BD-4ECF-B2BD-9E58A7D51EB3}"
EndProject
Project("{FAE04EC0-301F-11D3-BF4B-00C04F79EFBC}") = "TrainingTracker.Core", "..\TrainingTracker.Core\TrainingTracker.Core.csproj", "{D53679BF-5D91-4778-8EAF-262B13D6CB86}"
EndProject
Project("{FAE04EC0-301F-11D3-BF4B-00C04F79EFBC}") = "TrainingTracker.Domain", "..\TrainingTracker.Domain\TrainingTracker.Domain.csproj", "{65418C76-3661-499A-8DA4-FD10548E25B3}"
EndProject
Global
	GlobalSection(SolutionConfigurationPlatforms) = preSolution
		Debug|Any CPU = Debug|Any CPU
		Release|Any CPU = Release|Any CPU
	EndGlobalSection
	GlobalSection(ProjectConfigurationPlatforms) = postSolution
		{34EB6B6F-49BD-4ECF-B2BD-9E58A7D51EB3}.Debug|Any CPU.ActiveCfg = Debug|Any CPU
		{34EB6B6F-49BD-4ECF-B2BD-9E58A7D51EB3}.Debug|Any CPU.Build.0 = Debug|Any CPU
		{34EB6B6F-49BD-4ECF-B2BD-9E58A7D51EB3}.Release|Any CPU.ActiveCfg = Release|Any CPU
		{34EB6B6F-49BD-4ECF-B2BD-9E58A7D51EB3}.Release|Any CPU.Build.0 = Release|Any CPU
		{D53679BF-5D91-4778-8EAF-262B13D6CB86}.Debug|Any CPU.ActiveCfg = Debug|Any CPU
		{D53679BF-5D91-4778-8EAF-262B13D6CB86}.Debug|Any CPU.Build.0 = Debug|Any CPU
		{D53679BF-5D91-4778-8EAF-262B13D6CB86}.Release|Any CPU.ActiveCfg = Release|Any CPU
		{D53679BF-5D91-4778-8EAF-262B13D6CB86}.Release|Any CPU.Build.0 = Release|Any CPU
		{65418C76-3661-499A-8DA4-FD10548E25B3}.Debug|Any CPU.ActiveCfg = Debug|Any CPU
		{65418C76-3661-499A-8DA4-FD10548E25B3}.Debug|Any CPU.Build.0 = Debug|Any CPU
		{65418C76-3661-499A-8DA4-FD10548E25B3}.Release|Any CPU.ActiveCfg = Release|Any CPU
		{65418C76-3661-499A-8DA4-FD10548E25B3}.Release|Any CPU.Build.0 = Release|Any CPU
	EndGlobalSection
	GlobalSection(SolutionProperties) = preSolution
		HideSolutionNode = FALSE
	EndGlobalSection
	GlobalSection(ExtensibilityGlobals) = postSolution
		SolutionGuid = {3AE2E67B-8A0C-4675-BB3A-25DC809C292D}
	EndGlobalSection
EndGlobal
